// !$*UTF8*$!
{
	archiveVersion = 1;
	classes = {
	};
	objectVersion = 50;
	objects = {

/* Begin PBXBuildFile section */
		DE9569AB21EBC7F200132789 /* AppDelegate.swift in Sources */ = {isa = PBXBuildFile; fileRef = DE9569AA21EBC7F200132789 /* AppDelegate.swift */; };
		DE9569AD21EBC7F200132789 /* ViewController.swift in Sources */ = {isa = PBXBuildFile; fileRef = DE9569AC21EBC7F200132789 /* ViewController.swift */; };
		DE9569B021EBC7F200132789 /* Main.storyboard in Resources */ = {isa = PBXBuildFile; fileRef = DE9569AE21EBC7F200132789 /* Main.storyboard */; };
		DE9569B221EBC7F400132789 /* Assets.xcassets in Resources */ = {isa = PBXBuildFile; fileRef = DE9569B121EBC7F400132789 /* Assets.xcassets */; };
		DE9569B521EBC7F400132789 /* LaunchScreen.storyboard in Resources */ = {isa = PBXBuildFile; fileRef = DE9569B321EBC7F400132789 /* LaunchScreen.storyboard */; };
		DE9569C021EBC7F400132789 /* CSwiftTests.swift in Sources */ = {isa = PBXBuildFile; fileRef = DE9569BF21EBC7F400132789 /* CSwiftTests.swift */; };
		DE9569CF21EBCC7E00132789 /* example.c in Sources */ = {isa = PBXBuildFile; fileRef = DE9569CE21EBCC7E00132789 /* example.c */; };
/* End PBXBuildFile section */

/* Begin PBXContainerItemProxy section */
		DE9569BC21EBC7F400132789 /* PBXContainerItemProxy */ = {
			isa = PBXContainerItemProxy;
			containerPortal = DE95699F21EBC7F200132789 /* Project object */;
			proxyType = 1;
			remoteGlobalIDString = DE9569A621EBC7F200132789;
			remoteInfo = CSwift;
		};
/* End PBXContainerItemProxy section */

/* Begin PBXFileReference section */
		DE9569A721EBC7F200132789 /* CSwift.app */ = {isa = PBXFileReference; explicitFileType = wrapper.application; includeInIndex = 0; path = CSwift.app; sourceTree = BUILT_PRODUCTS_DIR; };
		DE9569AA21EBC7F200132789 /* AppDelegate.swift */ = {isa = PBXFileReference; lastKnownFileType = sourcecode.swift; path = AppDelegate.swift; sourceTree = "<group>"; };
		DE9569AC21EBC7F200132789 /* ViewController.swift */ = {isa = PBXFileReference; lastKnownFileType = sourcecode.swift; path = ViewController.swift; sourceTree = "<group>"; };
		DE9569AF21EBC7F200132789 /* Base */ = {isa = PBXFileReference; lastKnownFileType = file.storyboard; name = Base; path = Base.lproj/Main.storyboard; sourceTree = "<group>"; };
		DE9569B121EBC7F400132789 /* Assets.xcassets */ = {isa = PBXFileReference; lastKnownFileType = folder.assetcatalog; path = Assets.xcassets; sourceTree = "<group>"; };
		DE9569B421EBC7F400132789 /* Base */ = {isa = PBXFileReference; lastKnownFileType = file.storyboard; name = Base; path = Base.lproj/LaunchScreen.storyboard; sourceTree = "<group>"; };
		DE9569B621EBC7F400132789 /* Info.plist */ = {isa = PBXFileReference; lastKnownFileType = text.plist.xml; path = Info.plist; sourceTree = "<group>"; };
		DE9569BB21EBC7F400132789 /* CSwiftTests.xctest */ = {isa = PBXFileReference; explicitFileType = wrapper.cfbundle; includeInIndex = 0; path = CSwiftTests.xctest; sourceTree = BUILT_PRODUCTS_DIR; };
		DE9569BF21EBC7F400132789 /* CSwiftTests.swift */ = {isa = PBXFileReference; lastKnownFileType = sourcecode.swift; path = CSwiftTests.swift; sourceTree = "<group>"; };
		DE9569C121EBC7F400132789 /* Info.plist */ = {isa = PBXFileReference; lastKnownFileType = text.plist.xml; path = Info.plist; sourceTree = "<group>"; };
		DE9569CA21EBCB2000132789 /* LICENSE */ = {isa = PBXFileReference; lastKnownFileType = text; path = LICENSE; sourceTree = "<group>"; };
		DE9569CB21EBCB2C00132789 /* README.md */ = {isa = PBXFileReference; lastKnownFileType = net.daringfireball.markdown; path = README.md; sourceTree = "<group>"; };
		DE9569CC21EBCC7E00132789 /* CSwift-Bridging-Header.h */ = {isa = PBXFileReference; lastKnownFileType = sourcecode.c.h; path = "CSwift-Bridging-Header.h"; sourceTree = "<group>"; };
		DE9569CD21EBCC7E00132789 /* example.h */ = {isa = PBXFileReference; lastKnownFileType = sourcecode.c.h; path = example.h; sourceTree = "<group>"; };
		DE9569CE21EBCC7E00132789 /* example.c */ = {isa = PBXFileReference; lastKnownFileType = sourcecode.c.c; path = example.c; sourceTree = "<group>"; };
/* End PBXFileReference section */

/* Begin PBXFrameworksBuildPhase section */
		DE9569A421EBC7F200132789 /* Frameworks */ = {
			isa = PBXFrameworksBuildPhase;
			buildActionMask = 2147483647;
			files = (
			);
			runOnlyForDeploymentPostprocessing = 0;
		};
		DE9569B821EBC7F400132789 /* Frameworks */ = {
			isa = PBXFrameworksBuildPhase;
			buildActionMask = 2147483647;
			files = (
			);
			runOnlyForDeploymentPostprocessing = 0;
		};
/* End PBXFrameworksBuildPhase section */

/* Begin PBXGroup section */
		DE95699E21EBC7F200132789 = {
			isa = PBXGroup;
			children = (
				DE9569CA21EBCB2000132789 /* LICENSE */,
				DE9569CB21EBCB2C00132789 /* README.md */,
				DE9569A921EBC7F200132789 /* CSwift */,
				DE9569BE21EBC7F400132789 /* CSwiftTests */,
				DE9569A821EBC7F200132789 /* Products */,
			);
			sourceTree = "<group>";
		};
		DE9569A821EBC7F200132789 /* Products */ = {
			isa = PBXGroup;
			children = (
				DE9569A721EBC7F200132789 /* CSwift.app */,
				DE9569BB21EBC7F400132789 /* CSwiftTests.xctest */,
			);
			name = Products;
			sourceTree = "<group>";
		};
		DE9569A921EBC7F200132789 /* CSwift */ = {
			isa = PBXGroup;
			children = (
				DE9569AA21EBC7F200132789 /* AppDelegate.swift */,
				DE9569B121EBC7F400132789 /* Assets.xcassets */,
				DE9569CC21EBCC7E00132789 /* CSwift-Bridging-Header.h */,
				DE9569CD21EBCC7E00132789 /* example.h */,
				DE9569CE21EBCC7E00132789 /* example.c */,
				DE9569B621EBC7F400132789 /* Info.plist */,
				DE9569B321EBC7F400132789 /* LaunchScreen.storyboard */,
				DE9569AE21EBC7F200132789 /* Main.storyboard */,
				DE9569AC21EBC7F200132789 /* ViewController.swift */,
			);
			path = CSwift;
			sourceTree = "<group>";
		};
		DE9569BE21EBC7F400132789 /* CSwiftTests */ = {
			isa = PBXGroup;
			children = (
				DE9569BF21EBC7F400132789 /* CSwiftTests.swift */,
				DE9569C121EBC7F400132789 /* Info.plist */,
			);
			path = CSwiftTests;
			sourceTree = "<group>";
		};
/* End PBXGroup section */

/* Begin PBXNativeTarget section */
		DE9569A621EBC7F200132789 /* CSwift */ = {
			isa = PBXNativeTarget;
			buildConfigurationList = DE9569C421EBC7F400132789 /* Build configuration list for PBXNativeTarget "CSwift" */;
			buildPhases = (
				DE9569A321EBC7F200132789 /* Sources */,
				DE9569A421EBC7F200132789 /* Frameworks */,
				DE9569A521EBC7F200132789 /* Resources */,
			);
			buildRules = (
			);
			dependencies = (
			);
			name = CSwift;
			productName = CSwift;
			productReference = DE9569A721EBC7F200132789 /* CSwift.app */;
			productType = "com.apple.product-type.application";
		};
		DE9569BA21EBC7F400132789 /* CSwiftTests */ = {
			isa = PBXNativeTarget;
			buildConfigurationList = DE9569C721EBC7F400132789 /* Build configuration list for PBXNativeTarget "CSwiftTests" */;
			buildPhases = (
				DE9569B721EBC7F400132789 /* Sources */,
				DE9569B821EBC7F400132789 /* Frameworks */,
				DE9569B921EBC7F400132789 /* Resources */,
			);
			buildRules = (
			);
			dependencies = (
				DE9569BD21EBC7F400132789 /* PBXTargetDependency */,
			);
			name = CSwiftTests;
			productName = CSwiftTests;
			productReference = DE9569BB21EBC7F400132789 /* CSwiftTests.xctest */;
			productType = "com.apple.product-type.bundle.unit-test";
		};
/* End PBXNativeTarget section */

/* Begin PBXProject section */
		DE95699F21EBC7F200132789 /* Project object */ = {
			isa = PBXProject;
			attributes = {
				LastSwiftUpdateCheck = 1010;
				LastUpgradeCheck = 1010;
				ORGANIZATIONNAME = "Beepscore LLC";
				TargetAttributes = {
					DE9569A621EBC7F200132789 = {
						CreatedOnToolsVersion = 10.1;
						LastSwiftMigration = 1010;
					};
					DE9569BA21EBC7F400132789 = {
						CreatedOnToolsVersion = 10.1;
						TestTargetID = DE9569A621EBC7F200132789;
					};
				};
			};
			buildConfigurationList = DE9569A221EBC7F200132789 /* Build configuration list for PBXProject "CSwift" */;
			compatibilityVersion = "Xcode 9.3";
			developmentRegion = en;
			hasScannedForEncodings = 0;
			knownRegions = (
				en,
				Base,
			);
			mainGroup = DE95699E21EBC7F200132789;
			productRefGroup = DE9569A821EBC7F200132789 /* Products */;
			projectDirPath = "";
			projectRoot = "";
			targets = (
				DE9569A621EBC7F200132789 /* CSwift */,
				DE9569BA21EBC7F400132789 /* CSwiftTests */,
			);
		};
/* End PBXProject section */

/* Begin PBXResourcesBuildPhase section */
		DE9569A521EBC7F200132789 /* Resources */ = {
			isa = PBXResourcesBuildPhase;
			buildActionMask = 2147483647;
			files = (
				DE9569B521EBC7F400132789 /* LaunchScreen.storyboard in Resources */,
				DE9569B221EBC7F400132789 /* Assets.xcassets in Resources */,
				DE9569B021EBC7F200132789 /* Main.storyboard in Resources */,
			);
			runOnlyForDeploymentPostprocessing = 0;
		};
		DE9569B921EBC7F400132789 /* Resources */ = {
			isa = PBXResourcesBuildPhase;
			buildActionMask = 2147483647;
			files = (
			);
			runOnlyForDeploymentPostprocessing = 0;
		};
/* End PBXResourcesBuildPhase section */

/* Begin PBXSourcesBuildPhase section */
		DE9569A321EBC7F200132789 /* Sources */ = {
			isa = PBXSourcesBuildPhase;
			buildActionMask = 2147483647;
			files = (
				DE9569AD21EBC7F200132789 /* ViewController.swift in Sources */,
				DE9569CF21EBCC7E00132789 /* example.c in Sources */,
				DE9569AB21EBC7F200132789 /* AppDelegate.swift in Sources */,
			);
			runOnlyForDeploymentPostprocessing = 0;
		};
		DE9569B721EBC7F400132789 /* Sources */ = {
			isa = PBXSourcesBuildPhase;
			buildActionMask = 2147483647;
			files = (
				DE9569C021EBC7F400132789 /* CSwiftTests.swift in Sources */,
			);
			runOnlyForDeploymentPostprocessing = 0;
		};
/* End PBXSourcesBuildPhase section */

/* Begin PBXTargetDependency section */
		DE9569BD21EBC7F400132789 /* PBXTargetDependency */ = {
			isa = PBXTargetDependency;
			target = DE9569A621EBC7F200132789 /* CSwift */;
			targetProxy = DE9569BC21EBC7F400132789 /* PBXContainerItemProxy */;
		};
/* End PBXTargetDependency section */

/* Begin PBXVariantGroup section */
		DE9569AE21EBC7F200132789 /* Main.storyboard */ = {
			isa = PBXVariantGroup;
			children = (
				DE9569AF21EBC7F200132789 /* Base */,
			);
			name = Main.storyboard;
			sourceTree = "<group>";
		};
		DE9569B321EBC7F400132789 /* LaunchScreen.storyboard */ = {
			isa = PBXVariantGroup;
			children = (
				DE9569B421EBC7F400132789 /* Base */,
			);
			name = LaunchScreen.storyboard;
			sourceTree = "<group>";
		};
/* End PBXVariantGroup section */

/* Begin XCBuildConfiguration section */
		DE9569C221EBC7F400132789 /* Debug */ = {
			isa = XCBuildConfiguration;
			buildSettings = {
				ALWAYS_SEARCH_USER_PATHS = NO;
				CLANG_ANALYZER_NONNULL = YES;
				CLANG_ANALYZER_NUMBER_OBJECT_CONVERSION = YES_AGGRESSIVE;
				CLANG_CXX_LANGUAGE_STANDARD = "gnu++14";
				CLANG_CXX_LIBRARY = "libc++";
				CLANG_ENABLE_MODULES = YES;
				CLANG_ENABLE_OBJC_ARC = YES;
				CLANG_ENABLE_OBJC_WEAK = YES;
				CLANG_WARN_BLOCK_CAPTURE_AUTORELEASING = YES;
				CLANG_WARN_BOOL_CONVERSION = YES;
				CLANG_WARN_COMMA = YES;
				CLANG_WARN_CONSTANT_CONVERSION = YES;
				CLANG_WARN_DEPRECATED_OBJC_IMPLEMENTATIONS = YES;
				CLANG_WARN_DIRECT_OBJC_ISA_USAGE = YES_ERROR;
				CLANG_WARN_DOCUMENTATION_COMMENTS = YES;
				CLANG_WARN_EMPTY_BODY = YES;
				CLANG_WARN_ENUM_CONVERSION = YES;
				CLANG_WARN_INFINITE_RECURSION = YES;
				CLANG_WARN_INT_CONVERSION = YES;
				CLANG_WARN_NON_LITERAL_NULL_CONVERSION = YES;
				CLANG_WARN_OBJC_IMPLICIT_RETAIN_SELF = YES;
				CLANG_WARN_OBJC_LITERAL_CONVERSION = YES;
				CLANG_WARN_OBJC_ROOT_CLASS = YES_ERROR;
				CLANG_WARN_RANGE_LOOP_ANALYSIS = YES;
				CLANG_WARN_STRICT_PROTOTYPES = YES;
				CLANG_WARN_SUSPICIOUS_MOVE = YES;
				CLANG_WARN_UNGUARDED_AVAILABILITY = YES_AGGRESSIVE;
				CLANG_WARN_UNREACHABLE_CODE = YES;
				CLANG_WARN__DUPLICATE_METHOD_MATCH = YES;
				CODE_SIGN_IDENTITY = "iPhone Developer";
				COPY_PHASE_STRIP = NO;
				DEBUG_INFORMATION_FORMAT = dwarf;
				ENABLE_STRICT_OBJC_MSGSEND = YES;
				ENABLE_TESTABILITY = YES;
				GCC_C_LANGUAGE_STANDARD = gnu11;
				GCC_DYNAMIC_NO_PIC = NO;
				GCC_NO_COMMON_BLOCKS = YES;
				GCC_OPTIMIZATION_LEVEL = 0;
				GCC_PREPROCESSOR_DEFINITIONS = (
					"DEBUG=1",
					"$(inherited)",
				);
				GCC_WARN_64_TO_32_BIT_CONVERSION = YES;
				GCC_WARN_ABOUT_RETURN_TYPE = YES_ERROR;
				GCC_WARN_UNDECLARED_SELECTOR = YES;
				GCC_WARN_UNINITIALIZED_AUTOS = YES_AGGRESSIVE;
				GCC_WARN_UNUSED_FUNCTION = YES;
				GCC_WARN_UNUSED_VARIABLE = YES;
				IPHONEOS_DEPLOYMENT_TARGET = 12.1;
				MTL_ENABLE_DEBUG_INFO = INCLUDE_SOURCE;
				MTL_FAST_MATH = YES;
				ONLY_ACTIVE_ARCH = YES;
				SDKROOT = iphoneos;
				SWIFT_ACTIVE_COMPILATION_CONDITIONS = DEBUG;
				SWIFT_OPTIMIZATION_LEVEL = "-Onone";
			};
			name = Debug;
		};
		DE9569C321EBC7F400132789 /* Release */ = {
			isa = XCBuildConfiguration;
			buildSettings = {
				ALWAYS_SEARCH_USER_PATHS = NO;
				CLANG_ANALYZER_NONNULL = YES;
				CLANG_ANALYZER_NUMBER_OBJECT_CONVERSION = YES_AGGRESSIVE;
				CLANG_CXX_LANGUAGE_STANDARD = "gnu++14";
				CLANG_CXX_LIBRARY = "libc++";
				CLANG_ENABLE_MODULES = YES;
				CLANG_ENABLE_OBJC_ARC = YES;
				CLANG_ENABLE_OBJC_WEAK = YES;
				CLANG_WARN_BLOCK_CAPTURE_AUTORELEASING = YES;
				CLANG_WARN_BOOL_CONVERSION = YES;
				CLANG_WARN_COMMA = YES;
				CLANG_WARN_CONSTANT_CONVERSION = YES;
				CLANG_WARN_DEPRECATED_OBJC_IMPLEMENTATIONS = YES;
				CLANG_WARN_DIRECT_OBJC_ISA_USAGE = YES_ERROR;
				CLANG_WARN_DOCUMENTATION_COMMENTS = YES;
				CLANG_WARN_EMPTY_BODY = YES;
				CLANG_WARN_ENUM_CONVERSION = YES;
				CLANG_WARN_INFINITE_RECURSION = YES;
				CLANG_WARN_INT_CONVERSION = YES;
				CLANG_WARN_NON_LITERAL_NULL_CONVERSION = YES;
				CLANG_WARN_OBJC_IMPLICIT_RETAIN_SELF = YES;
				CLANG_WARN_OBJC_LITERAL_CONVERSION = YES;
				CLANG_WARN_OBJC_ROOT_CLASS = YES_ERROR;
				CLANG_WARN_RANGE_LOOP_ANALYSIS = YES;
				CLANG_WARN_STRICT_PROTOTYPES = YES;
				CLANG_WARN_SUSPICIOUS_MOVE = YES;
				CLANG_WARN_UNGUARDED_AVAILABILITY = YES_AGGRESSIVE;
				CLANG_WARN_UNREACHABLE_CODE = YES;
				CLANG_WARN__DUPLICATE_METHOD_MATCH = YES;
				CODE_SIGN_IDENTITY = "iPhone Developer";
				COPY_PHASE_STRIP = NO;
				DEBUG_INFORMATION_FORMAT = "dwarf-with-dsym";
				ENABLE_NS_ASSERTIONS = NO;
				ENABLE_STRICT_OBJC_MSGSEND = YES;
				GCC_C_LANGUAGE_STANDARD = gnu11;
				GCC_NO_COMMON_BLOCKS = YES;
				GCC_WARN_64_TO_32_BIT_CONVERSION = YES;
				GCC_WARN_ABOUT_RETURN_TYPE = YES_ERROR;
				GCC_WARN_UNDECLARED_SELECTOR = YES;
				GCC_WARN_UNINITIALIZED_AUTOS = YES_AGGRESSIVE;
				GCC_WARN_UNUSED_FUNCTION = YES;
				GCC_WARN_UNUSED_VARIABLE = YES;
				IPHONEOS_DEPLOYMENT_TARGET = 12.1;
				MTL_ENABLE_DEBUG_INFO = NO;
				MTL_FAST_MATH = YES;
				SDKROOT = iphoneos;
				SWIFT_COMPILATION_MODE = wholemodule;
				SWIFT_OPTIMIZATION_LEVEL = "-O";
				VALIDATE_PRODUCT = YES;
			};
			name = Release;
		};
		DE9569C521EBC7F400132789 /* Debug */ = {
			isa = XCBuildConfiguration;
			buildSettings = {
				ASSETCATALOG_COMPILER_APPICON_NAME = AppIcon;
				CLANG_ENABLE_MODULES = YES;
				CODE_SIGN_STYLE = Automatic;
				DEVELOPMENT_TEAM = J2LXK9FK3W;
				INFOPLIST_FILE = CSwift/Info.plist;
				LD_RUNPATH_SEARCH_PATHS = (
					"$(inherited)",
					"@executable_path/Frameworks",
				);
				PRODUCT_BUNDLE_IDENTIFIER = com.beepscore.CSwift;
				PRODUCT_NAME = "$(TARGET_NAME)";
				SWIFT_OBJC_BRIDGING_HEADER = "CSwift/CSwift-Bridging-Header.h";
				SWIFT_OPTIMIZATION_LEVEL = "-Onone";
				SWIFT_VERSION = 4.2;
				TARGETED_DEVICE_FAMILY = "1,2";
			};
			name = Debug;
		};
		DE9569C621EBC7F400132789 /* Release */ = {
			isa = XCBuildConfiguration;
			buildSettings = {
				ASSETCATALOG_COMPILER_APPICON_NAME = AppIcon;
				CLANG_ENABLE_MODULES = YES;
				CODE_SIGN_STYLE = Automatic;
				DEVELOPMENT_TEAM = J2LXK9FK3W;
				INFOPLIST_FILE = CSwift/Info.plist;
				LD_RUNPATH_SEARCH_PATHS = (
					"$(inherited)",
					"@executable_path/Frameworks",
				);
				PRODUCT_BUNDLE_IDENTIFIER = com.beepscore.CSwift;
				PRODUCT_NAME = "$(TARGET_NAME)";
				SWIFT_OBJC_BRIDGING_HEADER = "CSwift/CSwift-Bridging-Header.h";
				SWIFT_VERSION = 4.2;
				TARGETED_DEVICE_FAMILY = "1,2";
			};
			name = Release;
		};
		DE9569C821EBC7F400132789 /* Debug */ = {
			isa = XCBuildConfiguration;
			buildSettings = {
				ALWAYS_EMBED_SWIFT_STANDARD_LIBRARIES = YES;
				BUNDLE_LOADER = "$(TEST_HOST)";
				CODE_SIGN_STYLE = Automatic;
				DEVELOPMENT_TEAM = J2LXK9FK3W;
				INFOPLIST_FILE = CSwiftTests/Info.plist;
				LD_RUNPATH_SEARCH_PATHS = (
					"$(inherited)",
					"@executable_path/Frameworks",
					"@loader_path/Frameworks",
				);
				PRODUCT_BUNDLE_IDENTIFIER = com.beepscore.CSwiftTests;
				PRODUCT_NAME = "$(TARGET_NAME)";
				SWIFT_VERSION = 4.2;
				TARGETED_DEVICE_FAMILY = "1,2";
				TEST_HOST = "$(BUILT_PRODUCTS_DIR)/CSwift.app/CSwift";
			};
			name = Debug;
		};
		DE9569C921EBC7F400132789 /* Release */ = {
			isa = XCBuildConfiguration;
			buildSettings = {
				ALWAYS_EMBED_SWIFT_STANDARD_LIBRARIES = YES;
				BUNDLE_LOADER = "$(TEST_HOST)";
				CODE_SIGN_STYLE = Automatic;
				DEVELOPMENT_TEAM = J2LXK9FK3W;
				INFOPLIST_FILE = CSwiftTests/Info.plist;
				LD_RUNPATH_SEARCH_PATHS = (
					"$(inherited)",
					"@executable_path/Frameworks",
					"@loader_path/Frameworks",
				);
				PRODUCT_BUNDLE_IDENTIFIER = com.beepscore.CSwiftTests;
				PRODUCT_NAME = "$(TARGET_NAME)";
				SWIFT_VERSION = 4.2;
				TARGETED_DEVICE_FAMILY = "1,2";
				TEST_HOST = "$(BUILT_PRODUCTS_DIR)/CSwift.app/CSwift";
			};
			name = Release;
		};
/* End XCBuildConfiguration section */

/* Begin XCConfigurationList section */
		DE9569A221EBC7F200132789 /* Build configuration list for PBXProject "CSwift" */ = {
			isa = XCConfigurationList;
			buildConfigurations = (
				DE9569C221EBC7F400132789 /* Debug */,
				DE9569C321EBC7F400132789 /* Release */,
			);
			defaultConfigurationIsVisible = 0;
			defaultConfigurationName = Release;
		};
		DE9569C421EBC7F400132789 /* Build configuration list for PBXNativeTarget "CSwift" */ = {
			isa = XCConfigurationList;
			buildConfigurations = (
				DE9569C521EBC7F400132789 /* Debug */,
				DE9569C621EBC7F400132789 /* Release */,
			);
			defaultConfigurationIsVisible = 0;
			defaultConfigurationName = Release;
		};
		DE9569C721EBC7F400132789 /* Build configuration list for PBXNativeTarget "CSwiftTests" */ = {
			isa = XCConfigurationList;
			buildConfigurations = (
				DE9569C821EBC7F400132789 /* Debug */,
				DE9569C921EBC7F400132789 /* Release */,
			);
			defaultConfigurationIsVisible = 0;
			defaultConfigurationName = Release;
		};
/* End XCConfigurationList section */
	};
	rootObject = DE95699F21EBC7F200132789 /* Project object */;
}
